
Microsoft Visual Studio Solution File, Format Version 12.00
# Visual Studio Version 16
VisualStudioVersion = 16.6.30114.105
MinimumVisualStudioVersion = 10.0.40219.1
Project("{FAE04EC0-301F-11D3-BF4B-00C04F79EFBC}") = "Penguin.Cms.Reporting.Local", "Penguin.Cms.Reporting.Local.csproj", "{653B15EF-F123-4971-9B5E-53AA13609B65}"
EndProject
Project("{FAE04EC0-301F-11D3-BF4B-00C04F79EFBC}") = "Penguin.Cms.Entities.Local", "..\Penguin.Cms.Entities\Penguin.Cms.Entities.Local.csproj", "{63B38E50-4BCD-45F2-BDBC-C46BFEF29449}"
EndProject
Project("{FAE04EC0-301F-11D3-BF4B-00C04F79EFBC}") = "Penguin.Persistence.Abstractions.Local", "..\Penguin.Persistence.Abstractions\Penguin.Persistence.Abstractions.Local.csproj", "{E48FB5A0-0B68-4C8A-AF1F-EB0F15471B30}"
EndProject
Project("{FAE04EC0-301F-11D3-BF4B-00C04F79EFBC}") = "Penguin.Entities.Abstractions.Local", "..\Penguin.Entities.Abstractions\Penguin.Entities.Abstractions.Local.csproj", "{CF1EE95C-B8C8-454D-88C6-4CF649B6D437}"
EndProject
Project("{FAE04EC0-301F-11D3-BF4B-00C04F79EFBC}") = "Penguin.Reflection.Extensions.Local", "..\Penguin.Reflection.Extensions\Penguin.Reflection.Extensions.Local.csproj", "{994F36EC-3B18-4DBA-97E0-092F14764276}"
EndProject
Project("{FAE04EC0-301F-11D3-BF4B-00C04F79EFBC}") = "Penguin.Reflection.Abstractions.Local", "..\Penguin.Reflection.Abstractions\Penguin.Reflection.Abstractions.Local.csproj", "{436F3A16-C93C-452F-A272-CD029DEE6031}"
EndProject
Project("{FAE04EC0-301F-11D3-BF4B-00C04F79EFBC}") = "Penguin.Extensions.String.Local", "..\Penguin.Extensions.String\Penguin.Extensions.String.Local.csproj", "{B108AF17-C1CC-44C3-8E6D-E254A5F1BC32}"
EndProject
Global
	GlobalSection(SolutionConfigurationPlatforms) = preSolution
		Debug|Any CPU = Debug|Any CPU
		Debug|x64 = Debug|x64
		Debug|x86 = Debug|x86
		Release|Any CPU = Release|Any CPU
		Release|x64 = Release|x64
		Release|x86 = Release|x86
	EndGlobalSection
	GlobalSection(SolutionProperties) = preSolution
		HideSolutionNode = FALSE
	EndGlobalSection
	GlobalSection(ProjectConfigurationPlatforms) = postSolution
		{653B15EF-F123-4971-9B5E-53AA13609B65}.Debug|Any CPU.ActiveCfg = Debug|Any CPU
		{653B15EF-F123-4971-9B5E-53AA13609B65}.Debug|Any CPU.Build.0 = Debug|Any CPU
		{653B15EF-F123-4971-9B5E-53AA13609B65}.Debug|x64.ActiveCfg = Debug|Any CPU
		{653B15EF-F123-4971-9B5E-53AA13609B65}.Debug|x64.Build.0 = Debug|Any CPU
		{653B15EF-F123-4971-9B5E-53AA13609B65}.Debug|x86.ActiveCfg = Debug|Any CPU
		{653B15EF-F123-4971-9B5E-53AA13609B65}.Debug|x86.Build.0 = Debug|Any CPU
		{653B15EF-F123-4971-9B5E-53AA13609B65}.Release|Any CPU.ActiveCfg = Release|Any CPU
		{653B15EF-F123-4971-9B5E-53AA13609B65}.Release|Any CPU.Build.0 = Release|Any CPU
		{653B15EF-F123-4971-9B5E-53AA13609B65}.Release|x64.ActiveCfg = Release|Any CPU
		{653B15EF-F123-4971-9B5E-53AA13609B65}.Release|x64.Build.0 = Release|Any CPU
		{653B15EF-F123-4971-9B5E-53AA13609B65}.Release|x86.ActiveCfg = Release|Any CPU
		{653B15EF-F123-4971-9B5E-53AA13609B65}.Release|x86.Build.0 = Release|Any CPU
		{63B38E50-4BCD-45F2-BDBC-C46BFEF29449}.Debug|Any CPU.ActiveCfg = Debug|Any CPU
		{63B38E50-4BCD-45F2-BDBC-C46BFEF29449}.Debug|Any CPU.Build.0 = Debug|Any CPU
		{63B38E50-4BCD-45F2-BDBC-C46BFEF29449}.Debug|x64.ActiveCfg = Debug|Any CPU
		{63B38E50-4BCD-45F2-BDBC-C46BFEF29449}.Debug|x64.Build.0 = Debug|Any CPU
		{63B38E50-4BCD-45F2-BDBC-C46BFEF29449}.Debug|x86.ActiveCfg = Debug|Any CPU
		{63B38E50-4BCD-45F2-BDBC-C46BFEF29449}.Debug|x86.Build.0 = Debug|Any CPU
		{63B38E50-4BCD-45F2-BDBC-C46BFEF29449}.Release|Any CPU.ActiveCfg = Release|Any CPU
		{63B38E50-4BCD-45F2-BDBC-C46BFEF29449}.Release|Any CPU.Build.0 = Release|Any CPU
		{63B38E50-4BCD-45F2-BDBC-C46BFEF29449}.Release|x64.ActiveCfg = Release|Any CPU
		{63B38E50-4BCD-45F2-BDBC-C46BFEF29449}.Release|x64.Build.0 = Release|Any CPU
		{63B38E50-4BCD-45F2-BDBC-C46BFEF29449}.Release|x86.ActiveCfg = Release|Any CPU
		{63B38E50-4BCD-45F2-BDBC-C46BFEF29449}.Release|x86.Build.0 = Release|Any CPU
		{E48FB5A0-0B68-4C8A-AF1F-EB0F15471B30}.Debug|Any CPU.ActiveCfg = Debug|Any CPU
		{E48FB5A0-0B68-4C8A-AF1F-EB0F15471B30}.Debug|Any CPU.Build.0 = Debug|Any CPU
		{E48FB5A0-0B68-4C8A-AF1F-EB0F15471B30}.Debug|x64.ActiveCfg = Debug|Any CPU
		{E48FB5A0-0B68-4C8A-AF1F-EB0F15471B30}.Debug|x64.Build.0 = Debug|Any CPU
		{E48FB5A0-0B68-4C8A-AF1F-EB0F15471B30}.Debug|x86.ActiveCfg = Debug|Any CPU
		{E48FB5A0-0B68-4C8A-AF1F-EB0F15471B30}.Debug|x86.Build.0 = Debug|Any CPU
		{E48FB5A0-0B68-4C8A-AF1F-EB0F15471B30}.Release|Any CPU.ActiveCfg = Release|Any CPU
		{E48FB5A0-0B68-4C8A-AF1F-EB0F15471B30}.Release|Any CPU.Build.0 = Release|Any CPU
		{E48FB5A0-0B68-4C8A-AF1F-EB0F15471B30}.Release|x64.ActiveCfg = Release|Any CPU
		{E48FB5A0-0B68-4C8A-AF1F-EB0F15471B30}.Release|x64.Build.0 = Release|Any CPU
		{E48FB5A0-0B68-4C8A-AF1F-EB0F15471B30}.Release|x86.ActiveCfg = Release|Any CPU
		{E48FB5A0-0B68-4C8A-AF1F-EB0F15471B30}.Release|x86.Build.0 = Release|Any CPU
		{CF1EE95C-B8C8-454D-88C6-4CF649B6D437}.Debug|Any CPU.ActiveCfg = Debug|Any CPU
		{CF1EE95C-B8C8-454D-88C6-4CF649B6D437}.Debug|Any CPU.Build.0 = Debug|Any CPU
		{CF1EE95C-B8C8-454D-88C6-4CF649B6D437}.Debug|x64.ActiveCfg = Debug|Any CPU
		{CF1EE95C-B8C8-454D-88C6-4CF649B6D437}.Debug|x64.Build.0 = Debug|Any CPU
		{CF1EE95C-B8C8-454D-88C6-4CF649B6D437}.Debug|x86.ActiveCfg = Debug|Any CPU
		{CF1EE95C-B8C8-454D-88C6-4CF649B6D437}.Debug|x86.Build.0 = Debug|Any CPU
		{CF1EE95C-B8C8-454D-88C6-4CF649B6D437}.Release|Any CPU.ActiveCfg = Release|Any CPU
		{CF1EE95C-B8C8-454D-88C6-4CF649B6D437}.Release|Any CPU.Build.0 = Release|Any CPU
		{CF1EE95C-B8C8-454D-88C6-4CF649B6D437}.Release|x64.ActiveCfg = Release|Any CPU
		{CF1EE95C-B8C8-454D-88C6-4CF649B6D437}.Release|x64.Build.0 = Release|Any CPU
		{CF1EE95C-B8C8-454D-88C6-4CF649B6D437}.Release|x86.ActiveCfg = Release|Any CPU
		{CF1EE95C-B8C8-454D-88C6-4CF649B6D437}.Release|x86.Build.0 = Release|Any CPU
		{994F36EC-3B18-4DBA-97E0-092F14764276}.Debug|Any CPU.ActiveCfg = Debug|Any CPU
		{994F36EC-3B18-4DBA-97E0-092F14764276}.Debug|Any CPU.Build.0 = Debug|Any CPU
		{994F36EC-3B18-4DBA-97E0-092F14764276}.Debug|x64.ActiveCfg = Debug|Any CPU
		{994F36EC-3B18-4DBA-97E0-092F14764276}.Debug|x64.Build.0 = Debug|Any CPU
		{994F36EC-3B18-4DBA-97E0-092F14764276}.Debug|x86.ActiveCfg = Debug|Any CPU
		{994F36EC-3B18-4DBA-97E0-092F14764276}.Debug|x86.Build.0 = Debug|Any CPU
		{994F36EC-3B18-4DBA-97E0-092F14764276}.Release|Any CPU.ActiveCfg = Release|Any CPU
		{994F36EC-3B18-4DBA-97E0-092F14764276}.Release|Any CPU.Build.0 = Release|Any CPU
		{994F36EC-3B18-4DBA-97E0-092F14764276}.Release|x64.ActiveCfg = Release|Any CPU
		{994F36EC-3B18-4DBA-97E0-092F14764276}.Release|x64.Build.0 = Release|Any CPU
		{994F36EC-3B18-4DBA-97E0-092F14764276}.Release|x86.ActiveCfg = Release|Any CPU
		{994F36EC-3B18-4DBA-97E0-092F14764276}.Release|x86.Build.0 = Release|Any CPU
		{436F3A16-C93C-452F-A272-CD029DEE6031}.Debug|Any CPU.ActiveCfg = Debug|Any CPU
		{436F3A16-C93C-452F-A272-CD029DEE6031}.Debug|Any CPU.Build.0 = Debug|Any CPU
		{436F3A16-C93C-452F-A272-CD029DEE6031}.Debug|x64.ActiveCfg = Debug|Any CPU
		{436F3A16-C93C-452F-A272-CD029DEE6031}.Debug|x64.Build.0 = Debug|Any CPU
		{436F3A16-C93C-452F-A272-CD029DEE6031}.Debug|x86.ActiveCfg = Debug|Any CPU
		{436F3A16-C93C-452F-A272-CD029DEE6031}.Debug|x86.Build.0 = Debug|Any CPU
		{436F3A16-C93C-452F-A272-CD029DEE6031}.Release|Any CPU.ActiveCfg = Release|Any CPU
		{436F3A16-C93C-452F-A272-CD029DEE6031}.Release|Any CPU.Build.0 = Release|Any CPU
		{436F3A16-C93C-452F-A272-CD029DEE6031}.Release|x64.ActiveCfg = Release|Any CPU
		{436F3A16-C93C-452F-A272-CD029DEE6031}.Release|x64.Build.0 = Release|Any CPU
		{436F3A16-C93C-452F-A272-CD029DEE6031}.Release|x86.ActiveCfg = Release|Any CPU
		{436F3A16-C93C-452F-A272-CD029DEE6031}.Release|x86.Build.0 = Release|Any CPU
		{B108AF17-C1CC-44C3-8E6D-E254A5F1BC32}.Debug|Any CPU.ActiveCfg = Debug|Any CPU
		{B108AF17-C1CC-44C3-8E6D-E254A5F1BC32}.Debug|Any CPU.Build.0 = Debug|Any CPU
		{B108AF17-C1CC-44C3-8E6D-E254A5F1BC32}.Debug|x64.ActiveCfg = Debug|Any CPU
		{B108AF17-C1CC-44C3-8E6D-E254A5F1BC32}.Debug|x64.Build.0 = Debug|Any CPU
		{B108AF17-C1CC-44C3-8E6D-E254A5F1BC32}.Debug|x86.ActiveCfg = Debug|Any CPU
		{B108AF17-C1CC-44C3-8E6D-E254A5F1BC32}.Debug|x86.Build.0 = Debug|Any CPU
		{B108AF17-C1CC-44C3-8E6D-E254A5F1BC32}.Release|Any CPU.ActiveCfg = Release|Any CPU
		{B108AF17-C1CC-44C3-8E6D-E254A5F1BC32}.Release|Any CPU.Build.0 = Release|Any CPU
		{B108AF17-C1CC-44C3-8E6D-E254A5F1BC32}.Release|x64.ActiveCfg = Release|Any CPU
		{B108AF17-C1CC-44C3-8E6D-E254A5F1BC32}.Release|x64.Build.0 = Release|Any CPU
		{B108AF17-C1CC-44C3-8E6D-E254A5F1BC32}.Release|x86.ActiveCfg = Release|Any CPU
		{B108AF17-C1CC-44C3-8E6D-E254A5F1BC32}.Release|x86.Build.0 = Release|Any CPU
	EndGlobalSection
EndGlobal
